
Microsoft Visual Studio Solution File, Format Version 12.00
# Visual Studio 15
VisualStudioVersion = 15.0.27703.2035
MinimumVisualStudioVersion = 10.0.40219.1
Project("{FAE04EC0-301F-11D3-BF4B-00C04F79EFBC}") = "TesteCSharp", "TesteCSharp\TesteCSharp.csproj", "{41D3B08D-FF38-4313-90E7-65F52BB58427}"
EndProject
Project("{FAE04EC0-301F-11D3-BF4B-00C04F79EFBC}") = "TesteCSharp.Tests", "TesteCSharp.Tests\TesteCSharp.Tests.csproj", "{844FB43E-36D0-4B3D-923F-4C5F135D2808}"
EndProject
Global
	GlobalSection(SolutionConfigurationPlatforms) = preSolution
		Debug|Any CPU = Debug|Any CPU
		Release|Any CPU = Release|Any CPU
	EndGlobalSection
	GlobalSection(ProjectConfigurationPlatforms) = postSolution
		{41D3B08D-FF38-4313-90E7-65F52BB58427}.Debug|Any CPU.ActiveCfg = Debug|Any CPU
		{41D3B08D-FF38-4313-90E7-65F52BB58427}.Debug|Any CPU.Build.0 = Debug|Any CPU
		{41D3B08D-FF38-4313-90E7-65F52BB58427}.Release|Any CPU.ActiveCfg = Release|Any CPU
		{41D3B08D-FF38-4313-90E7-65F52BB58427}.Release|Any CPU.Build.0 = Release|Any CPU
		{844FB43E-36D0-4B3D-923F-4C5F135D2808}.Debug|Any CPU.ActiveCfg = Debug|Any CPU
		{844FB43E-36D0-4B3D-923F-4C5F135D2808}.Debug|Any CPU.Build.0 = Debug|Any CPU
		{844FB43E-36D0-4B3D-923F-4C5F135D2808}.Release|Any CPU.ActiveCfg = Release|Any CPU
		{844FB43E-36D0-4B3D-923F-4C5F135D2808}.Release|Any CPU.Build.0 = Release|Any CPU
	EndGlobalSection
	GlobalSection(SolutionProperties) = preSolution
		HideSolutionNode = FALSE
	EndGlobalSection
	GlobalSection(ExtensibilityGlobals) = postSolution
		SolutionGuid = {0C48AA44-F260-4500-8542-D19AEFA1ECAC}
	EndGlobalSection
EndGlobal
